
Microsoft Visual Studio Solution File, Format Version 12.00
# Visual Studio Version 16
VisualStudioVersion = 16.0.35325.158
MinimumVisualStudioVersion = 10.0.40219.1
Project("{FAE04EC0-301F-11D3-BF4B-00C04F79EFBC}") = "C969", "C969.csproj", "{A071C0E0-F977-4B6E-8EED-125BDE2DCB41}"
EndProject
Global
	GlobalSection(SolutionConfigurationPlatforms) = preSolution
		Debug|Any CPU = Debug|Any CPU
		Release|Any CPU = Release|Any CPU
	EndGlobalSection
	GlobalSection(ProjectConfigurationPlatforms) = postSolution
		{A071C0E0-F977-4B6E-8EED-125BDE2DCB41}.Debug|Any CPU.ActiveCfg = Debug|Any CPU
		{A071C0E0-F977-4B6E-8EED-125BDE2DCB41}.Debug|Any CPU.Build.0 = Debug|Any CPU
		{A071C0E0-F977-4B6E-8EED-125BDE2DCB41}.Release|Any CPU.ActiveCfg = Release|Any CPU
		{A071C0E0-F977-4B6E-8EED-125BDE2DCB41}.Release|Any CPU.Build.0 = Release|Any CPU
	EndGlobalSection
	GlobalSection(SolutionProperties) = preSolution
		HideSolutionNode = FALSE
	EndGlobalSection
	GlobalSection(ExtensibilityGlobals) = postSolution
		SolutionGuid = {D8403DE2-3002-4B44-977E-55C24659BB30}
	EndGlobalSection
EndGlobal
